// !$*UTF8*$!
{
	archiveVersion = 1;
	classes = {
	};
	objectVersion = 48;
	objects = {

/* Begin PBXBuildFile section */
		4ACC66F0200358790087D995 /* AppDelegate.m in Sources */ = {isa = PBXBuildFile; fileRef = 4ACC66EF200358790087D995 /* AppDelegate.m */; };
		4ACC66F3200358790087D995 /* ViewController.m in Sources */ = {isa = PBXBuildFile; fileRef = 4ACC66F2200358790087D995 /* ViewController.m */; };
		4ACC66F6200358790087D995 /* Main.storyboard in Resources */ = {isa = PBXBuildFile; fileRef = 4ACC66F4200358790087D995 /* Main.storyboard */; };
		4ACC66F8200358790087D995 /* Assets.xcassets in Resources */ = {isa = PBXBuildFile; fileRef = 4ACC66F7200358790087D995 /* Assets.xcassets */; };
		4ACC66FB200358790087D995 /* LaunchScreen.storyboard in Resources */ = {isa = PBXBuildFile; fileRef = 4ACC66F9200358790087D995 /* LaunchScreen.storyboard */; };
		4ACC66FE200358790087D995 /* main.m in Sources */ = {isa = PBXBuildFile; fileRef = 4ACC66FD200358790087D995 /* main.m */; };
		4ACC670A200358DC0087D995 /* libWeChatSDK.a in Frameworks */ = {isa = PBXBuildFile; fileRef = 4ACC6705200358DC0087D995 /* libWeChatSDK.a */; };
		4ACC670B200358DC0087D995 /* README.txt in Resources */ = {isa = PBXBuildFile; fileRef = 4ACC6706200358DC0087D995 /* README.txt */; };
		4ACC670E200359D80087D995 /* libc++.tbd in Frameworks */ = {isa = PBXBuildFile; fileRef = 4ACC670D200359D80087D995 /* libc++.tbd */; };
		4ACC6710200359EA0087D995 /* libz.tbd in Frameworks */ = {isa = PBXBuildFile; fileRef = 4ACC670F200359EA0087D995 /* libz.tbd */; };
		4ACC6712200359FE0087D995 /* libsqlite3.0.tbd in Frameworks */ = {isa = PBXBuildFile; fileRef = 4ACC6711200359FE0087D995 /* libsqlite3.0.tbd */; };
		4ACC671420035A110087D995 /* SystemConfiguration.framework in Frameworks */ = {isa = PBXBuildFile; fileRef = 4ACC671320035A110087D995 /* SystemConfiguration.framework */; };
		4ACC671620035A1B0087D995 /* CoreTelephony.framework in Frameworks */ = {isa = PBXBuildFile; fileRef = 4ACC671520035A1B0087D995 /* CoreTelephony.framework */; };
		4ACC6726200477480087D995 /* libWeiboSDK.a in Frameworks */ = {isa = PBXBuildFile; fileRef = 4ACC6722200477480087D995 /* libWeiboSDK.a */; };
		4ACC6727200477480087D995 /* WeiboSDK.bundle in Resources */ = {isa = PBXBuildFile; fileRef = 4ACC6724200477480087D995 /* WeiboSDK.bundle */; };
		4ACC6729200477BB0087D995 /* QuartzCore.framework in Frameworks */ = {isa = PBXBuildFile; fileRef = 4ACC6728200477BB0087D995 /* QuartzCore.framework */; };
		4ACC672B200477C70087D995 /* ImageIO.framework in Frameworks */ = {isa = PBXBuildFile; fileRef = 4ACC672A200477C70087D995 /* ImageIO.framework */; };
		4ACC672D200477D50087D995 /* Security.framework in Frameworks */ = {isa = PBXBuildFile; fileRef = 4ACC672C200477D50087D995 /* Security.framework */; };
		4ACC672F200477EF0087D995 /* CoreText.framework in Frameworks */ = {isa = PBXBuildFile; fileRef = 4ACC672E200477EF0087D995 /* CoreText.framework */; };
		4ACC6731200477FE0087D995 /* UIKit.framework in Frameworks */ = {isa = PBXBuildFile; fileRef = 4ACC6730200477FE0087D995 /* UIKit.framework */; };
		4ACC67332004780C0087D995 /* Foundation.framework in Frameworks */ = {isa = PBXBuildFile; fileRef = 4ACC67322004780C0087D995 /* Foundation.framework */; };
		4ACC67352004781A0087D995 /* CoreGraphics.framework in Frameworks */ = {isa = PBXBuildFile; fileRef = 4ACC67342004781A0087D995 /* CoreGraphics.framework */; };
		4ACC673A20047FB40087D995 /* libiconv.tbd in Frameworks */ = {isa = PBXBuildFile; fileRef = 4ACC673920047FB40087D995 /* libiconv.tbd */; };
		4ACC673C20047FCD0087D995 /* libstdc++.tbd in Frameworks */ = {isa = PBXBuildFile; fileRef = 4ACC673B20047FCD0087D995 /* libstdc++.tbd */; };
		4ACC673E2004801D0087D995 /* Photos.framework in Frameworks */ = {isa = PBXBuildFile; fileRef = 4ACC673D2004801D0087D995 /* Photos.framework */; };
		4ACC67432004CB8A0087D995 /* TencentOpenAPI.framework in Frameworks */ = {isa = PBXBuildFile; fileRef = 4ACC67422004CB8A0087D995 /* TencentOpenAPI.framework */; };
		4ACC67452004CBE60087D995 /* AssetsLibrary.framework in Frameworks */ = {isa = PBXBuildFile; fileRef = 4ACC67442004CBE60087D995 /* AssetsLibrary.framework */; };
		4ACC67482005DD540087D995 /* SocialManager.m in Sources */ = {isa = PBXBuildFile; fileRef = 4ACC67472005DD540087D995 /* SocialManager.m */; };
		4ACC674B2005E3410087D995 /* WechatManager.m in Sources */ = {isa = PBXBuildFile; fileRef = 4ACC674A2005E3410087D995 /* WechatManager.m */; };
		4ACC674E20060DB70087D995 /* WeiboManager.m in Sources */ = {isa = PBXBuildFile; fileRef = 4ACC674D20060DB70087D995 /* WeiboManager.m */; };
		4ACC675120061F0C0087D995 /* QQManager.m in Sources */ = {isa = PBXBuildFile; fileRef = 4ACC675020061F0C0087D995 /* QQManager.m */; };
/* End PBXBuildFile section */

/* Begin PBXFileReference section */
		4ACC66EB200358780087D995 /* Authentication.app */ = {isa = PBXFileReference; explicitFileType = wrapper.application; includeInIndex = 0; path = Authentication.app; sourceTree = BUILT_PRODUCTS_DIR; };
		4ACC66EE200358790087D995 /* AppDelegate.h */ = {isa = PBXFileReference; lastKnownFileType = sourcecode.c.h; path = AppDelegate.h; sourceTree = "<group>"; };
		4ACC66EF200358790087D995 /* AppDelegate.m */ = {isa = PBXFileReference; lastKnownFileType = sourcecode.c.objc; path = AppDelegate.m; sourceTree = "<group>"; };
		4ACC66F1200358790087D995 /* ViewController.h */ = {isa = PBXFileReference; lastKnownFileType = sourcecode.c.h; path = ViewController.h; sourceTree = "<group>"; };
		4ACC66F2200358790087D995 /* ViewController.m */ = {isa = PBXFileReference; lastKnownFileType = sourcecode.c.objc; path = ViewController.m; sourceTree = "<group>"; };
		4ACC66F5200358790087D995 /* Base */ = {isa = PBXFileReference; lastKnownFileType = file.storyboard; name = Base; path = Base.lproj/Main.storyboard; sourceTree = "<group>"; };
		4ACC66F7200358790087D995 /* Assets.xcassets */ = {isa = PBXFileReference; lastKnownFileType = folder.assetcatalog; path = Assets.xcassets; sourceTree = "<group>"; };
		4ACC66FA200358790087D995 /* Base */ = {isa = PBXFileReference; lastKnownFileType = file.storyboard; name = Base; path = Base.lproj/LaunchScreen.storyboard; sourceTree = "<group>"; };
		4ACC66FC200358790087D995 /* Info.plist */ = {isa = PBXFileReference; lastKnownFileType = text.plist.xml; path = Info.plist; sourceTree = "<group>"; };
		4ACC66FD200358790087D995 /* main.m */ = {isa = PBXFileReference; lastKnownFileType = sourcecode.c.objc; path = main.m; sourceTree = "<group>"; };
		4ACC6705200358DC0087D995 /* libWeChatSDK.a */ = {isa = PBXFileReference; lastKnownFileType = archive.ar; path = libWeChatSDK.a; sourceTree = "<group>"; };
		4ACC6706200358DC0087D995 /* README.txt */ = {isa = PBXFileReference; fileEncoding = 4; lastKnownFileType = text; path = README.txt; sourceTree = "<group>"; };
		4ACC6707200358DC0087D995 /* WechatAuthSDK.h */ = {isa = PBXFileReference; fileEncoding = 4; lastKnownFileType = sourcecode.c.h; path = WechatAuthSDK.h; sourceTree = "<group>"; };
		4ACC6708200358DC0087D995 /* WXApi.h */ = {isa = PBXFileReference; fileEncoding = 4; lastKnownFileType = sourcecode.c.h; path = WXApi.h; sourceTree = "<group>"; };
		4ACC6709200358DC0087D995 /* WXApiObject.h */ = {isa = PBXFileReference; fileEncoding = 4; lastKnownFileType = sourcecode.c.h; path = WXApiObject.h; sourceTree = "<group>"; };
		4ACC670D200359D80087D995 /* libc++.tbd */ = {isa = PBXFileReference; lastKnownFileType = "sourcecode.text-based-dylib-definition"; name = "libc++.tbd"; path = "usr/lib/libc++.tbd"; sourceTree = SDKROOT; };
		4ACC670F200359EA0087D995 /* libz.tbd */ = {isa = PBXFileReference; lastKnownFileType = "sourcecode.text-based-dylib-definition"; name = libz.tbd; path = usr/lib/libz.tbd; sourceTree = SDKROOT; };
		4ACC6711200359FE0087D995 /* libsqlite3.0.tbd */ = {isa = PBXFileReference; lastKnownFileType = "sourcecode.text-based-dylib-definition"; name = libsqlite3.0.tbd; path = usr/lib/libsqlite3.0.tbd; sourceTree = SDKROOT; };
		4ACC671320035A110087D995 /* SystemConfiguration.framework */ = {isa = PBXFileReference; lastKnownFileType = wrapper.framework; name = SystemConfiguration.framework; path = System/Library/Frameworks/SystemConfiguration.framework; sourceTree = SDKROOT; };
		4ACC671520035A1B0087D995 /* CoreTelephony.framework */ = {isa = PBXFileReference; lastKnownFileType = wrapper.framework; name = CoreTelephony.framework; path = System/Library/Frameworks/CoreTelephony.framework; sourceTree = SDKROOT; };
		4ACC6722200477480087D995 /* libWeiboSDK.a */ = {isa = PBXFileReference; lastKnownFileType = archive.ar; path = libWeiboSDK.a; sourceTree = "<group>"; };
		4ACC6723200477480087D995 /* WBHttpRequest.h */ = {isa = PBXFileReference; fileEncoding = 4; lastKnownFileType = sourcecode.c.h; path = WBHttpRequest.h; sourceTree = "<group>"; };
		4ACC6724200477480087D995 /* WeiboSDK.bundle */ = {isa = PBXFileReference; lastKnownFileType = "wrapper.plug-in"; path = WeiboSDK.bundle; sourceTree = "<group>"; };
		4ACC6725200477480087D995 /* WeiboSDK.h */ = {isa = PBXFileReference; fileEncoding = 4; lastKnownFileType = sourcecode.c.h; path = WeiboSDK.h; sourceTree = "<group>"; };
		4ACC6728200477BB0087D995 /* QuartzCore.framework */ = {isa = PBXFileReference; lastKnownFileType = wrapper.framework; name = QuartzCore.framework; path = System/Library/Frameworks/QuartzCore.framework; sourceTree = SDKROOT; };
		4ACC672A200477C70087D995 /* ImageIO.framework */ = {isa = PBXFileReference; lastKnownFileType = wrapper.framework; name = ImageIO.framework; path = System/Library/Frameworks/ImageIO.framework; sourceTree = SDKROOT; };
		4ACC672C200477D50087D995 /* Security.framework */ = {isa = PBXFileReference; lastKnownFileType = wrapper.framework; name = Security.framework; path = System/Library/Frameworks/Security.framework; sourceTree = SDKROOT; };
		4ACC672E200477EF0087D995 /* CoreText.framework */ = {isa = PBXFileReference; lastKnownFileType = wrapper.framework; name = CoreText.framework; path = System/Library/Frameworks/CoreText.framework; sourceTree = SDKROOT; };
		4ACC6730200477FE0087D995 /* UIKit.framework */ = {isa = PBXFileReference; lastKnownFileType = wrapper.framework; name = UIKit.framework; path = System/Library/Frameworks/UIKit.framework; sourceTree = SDKROOT; };
		4ACC67322004780C0087D995 /* Foundation.framework */ = {isa = PBXFileReference; lastKnownFileType = wrapper.framework; name = Foundation.framework; path = System/Library/Frameworks/Foundation.framework; sourceTree = SDKROOT; };
		4ACC67342004781A0087D995 /* CoreGraphics.framework */ = {isa = PBXFileReference; lastKnownFileType = wrapper.framework; name = CoreGraphics.framework; path = System/Library/Frameworks/CoreGraphics.framework; sourceTree = SDKROOT; };
		4ACC673920047FB40087D995 /* libiconv.tbd */ = {isa = PBXFileReference; lastKnownFileType = "sourcecode.text-based-dylib-definition"; name = libiconv.tbd; path = usr/lib/libiconv.tbd; sourceTree = SDKROOT; };
		4ACC673B20047FCD0087D995 /* libstdc++.tbd */ = {isa = PBXFileReference; lastKnownFileType = "sourcecode.text-based-dylib-definition"; name = "libstdc++.tbd"; path = "usr/lib/libstdc++.tbd"; sourceTree = SDKROOT; };
		4ACC673D2004801D0087D995 /* Photos.framework */ = {isa = PBXFileReference; lastKnownFileType = wrapper.framework; name = Photos.framework; path = System/Library/Frameworks/Photos.framework; sourceTree = SDKROOT; };
		4ACC67422004CB8A0087D995 /* TencentOpenAPI.framework */ = {isa = PBXFileReference; lastKnownFileType = wrapper.framework; path = TencentOpenAPI.framework; sourceTree = "<group>"; };
		4ACC67442004CBE60087D995 /* AssetsLibrary.framework */ = {isa = PBXFileReference; lastKnownFileType = wrapper.framework; name = AssetsLibrary.framework; path = System/Library/Frameworks/AssetsLibrary.framework; sourceTree = SDKROOT; };
		4ACC67462005DD540087D995 /* SocialManager.h */ = {isa = PBXFileReference; lastKnownFileType = sourcecode.c.h; path = SocialManager.h; sourceTree = "<group>"; };
		4ACC67472005DD540087D995 /* SocialManager.m */ = {isa = PBXFileReference; lastKnownFileType = sourcecode.c.objc; path = SocialManager.m; sourceTree = "<group>"; };
		4ACC67492005E3410087D995 /* WechatManager.h */ = {isa = PBXFileReference; lastKnownFileType = sourcecode.c.h; path = WechatManager.h; sourceTree = "<group>"; };
		4ACC674A2005E3410087D995 /* WechatManager.m */ = {isa = PBXFileReference; lastKnownFileType = sourcecode.c.objc; path = WechatManager.m; sourceTree = "<group>"; };
		4ACC674C20060DB70087D995 /* WeiboManager.h */ = {isa = PBXFileReference; lastKnownFileType = sourcecode.c.h; path = WeiboManager.h; sourceTree = "<group>"; };
		4ACC674D20060DB70087D995 /* WeiboManager.m */ = {isa = PBXFileReference; lastKnownFileType = sourcecode.c.objc; path = WeiboManager.m; sourceTree = "<group>"; };
		4ACC674F20061F0C0087D995 /* QQManager.h */ = {isa = PBXFileReference; lastKnownFileType = sourcecode.c.h; path = QQManager.h; sourceTree = "<group>"; };
		4ACC675020061F0C0087D995 /* QQManager.m */ = {isa = PBXFileReference; lastKnownFileType = sourcecode.c.objc; path = QQManager.m; sourceTree = "<group>"; };
/* End PBXFileReference section */

/* Begin PBXFrameworksBuildPhase section */
		4ACC66E8200358780087D995 /* Frameworks */ = {
			isa = PBXFrameworksBuildPhase;
			buildActionMask = 2147483647;
			files = (
				4ACC67452004CBE60087D995 /* AssetsLibrary.framework in Frameworks */,
				4ACC673E2004801D0087D995 /* Photos.framework in Frameworks */,
				4ACC67432004CB8A0087D995 /* TencentOpenAPI.framework in Frameworks */,
				4ACC673C20047FCD0087D995 /* libstdc++.tbd in Frameworks */,
				4ACC673A20047FB40087D995 /* libiconv.tbd in Frameworks */,
				4ACC67352004781A0087D995 /* CoreGraphics.framework in Frameworks */,
				4ACC67332004780C0087D995 /* Foundation.framework in Frameworks */,
				4ACC6731200477FE0087D995 /* UIKit.framework in Frameworks */,
				4ACC672F200477EF0087D995 /* CoreText.framework in Frameworks */,
				4ACC672D200477D50087D995 /* Security.framework in Frameworks */,
				4ACC672B200477C70087D995 /* ImageIO.framework in Frameworks */,
				4ACC6729200477BB0087D995 /* QuartzCore.framework in Frameworks */,
				4ACC671620035A1B0087D995 /* CoreTelephony.framework in Frameworks */,
				4ACC671420035A110087D995 /* SystemConfiguration.framework in Frameworks */,
				4ACC6712200359FE0087D995 /* libsqlite3.0.tbd in Frameworks */,
				4ACC6726200477480087D995 /* libWeiboSDK.a in Frameworks */,
				4ACC6710200359EA0087D995 /* libz.tbd in Frameworks */,
				4ACC670E200359D80087D995 /* libc++.tbd in Frameworks */,
				4ACC670A200358DC0087D995 /* libWeChatSDK.a in Frameworks */,
			);
			runOnlyForDeploymentPostprocessing = 0;
		};
/* End PBXFrameworksBuildPhase section */

/* Begin PBXGroup section */
		4ACC66E2200358780087D995 = {
			isa = PBXGroup;
			children = (
				4ACC66ED200358790087D995 /* Authentication */,
				4ACC66EC200358780087D995 /* Products */,
				4ACC670C200359D70087D995 /* Frameworks */,
			);
			sourceTree = "<group>";
		};
		4ACC66EC200358780087D995 /* Products */ = {
			isa = PBXGroup;
			children = (
				4ACC66EB200358780087D995 /* Authentication.app */,
			);
			name = Products;
			sourceTree = "<group>";
		};
		4ACC66ED200358790087D995 /* Authentication */ = {
			isa = PBXGroup;
			children = (
				4ACC66EE200358790087D995 /* AppDelegate.h */,
				4ACC66EF200358790087D995 /* AppDelegate.m */,
				4ACC66F1200358790087D995 /* ViewController.h */,
				4ACC66F2200358790087D995 /* ViewController.m */,
				4ACC66F4200358790087D995 /* Main.storyboard */,
				4ACC66F7200358790087D995 /* Assets.xcassets */,
				4ACC66F9200358790087D995 /* LaunchScreen.storyboard */,
				4ACC66FC200358790087D995 /* Info.plist */,
				4ACC66FD200358790087D995 /* main.m */,
				4ACC67422004CB8A0087D995 /* TencentOpenAPI.framework */,
				4ACC6721200477480087D995 /* libWeiboSDK */,
				4ACC6704200358DC0087D995 /* WechatSDK1.8.2 */,
				4ACC67462005DD540087D995 /* SocialManager.h */,
				4ACC67472005DD540087D995 /* SocialManager.m */,
				4ACC67492005E3410087D995 /* WechatManager.h */,
				4ACC674A2005E3410087D995 /* WechatManager.m */,
				4ACC674C20060DB70087D995 /* WeiboManager.h */,
				4ACC674D20060DB70087D995 /* WeiboManager.m */,
				4ACC674F20061F0C0087D995 /* QQManager.h */,
				4ACC675020061F0C0087D995 /* QQManager.m */,
			);
			path = Authentication;
			sourceTree = "<group>";
		};
		4ACC6704200358DC0087D995 /* WechatSDK1.8.2 */ = {
			isa = PBXGroup;
			children = (
				4ACC6705200358DC0087D995 /* libWeChatSDK.a */,
				4ACC6706200358DC0087D995 /* README.txt */,
				4ACC6707200358DC0087D995 /* WechatAuthSDK.h */,
				4ACC6708200358DC0087D995 /* WXApi.h */,
				4ACC6709200358DC0087D995 /* WXApiObject.h */,
			);
			path = WechatSDK1.8.2;
			sourceTree = "<group>";
		};
		4ACC670C200359D70087D995 /* Frameworks */ = {
			isa = PBXGroup;
			children = (
				4ACC67442004CBE60087D995 /* AssetsLibrary.framework */,
				4ACC673D2004801D0087D995 /* Photos.framework */,
				4ACC673B20047FCD0087D995 /* libstdc++.tbd */,
				4ACC673920047FB40087D995 /* libiconv.tbd */,
				4ACC67342004781A0087D995 /* CoreGraphics.framework */,
				4ACC67322004780C0087D995 /* Foundation.framework */,
				4ACC6730200477FE0087D995 /* UIKit.framework */,
				4ACC672E200477EF0087D995 /* CoreText.framework */,
				4ACC672C200477D50087D995 /* Security.framework */,
				4ACC672A200477C70087D995 /* ImageIO.framework */,
				4ACC6728200477BB0087D995 /* QuartzCore.framework */,
				4ACC671520035A1B0087D995 /* CoreTelephony.framework */,
				4ACC671320035A110087D995 /* SystemConfiguration.framework */,
				4ACC6711200359FE0087D995 /* libsqlite3.0.tbd */,
				4ACC670F200359EA0087D995 /* libz.tbd */,
				4ACC670D200359D80087D995 /* libc++.tbd */,
			);
			name = Frameworks;
			sourceTree = "<group>";
		};
		4ACC6721200477480087D995 /* libWeiboSDK */ = {
			isa = PBXGroup;
			children = (
				4ACC6722200477480087D995 /* libWeiboSDK.a */,
				4ACC6723200477480087D995 /* WBHttpRequest.h */,
				4ACC6724200477480087D995 /* WeiboSDK.bundle */,
				4ACC6725200477480087D995 /* WeiboSDK.h */,
			);
			path = libWeiboSDK;
			sourceTree = "<group>";
		};
/* End PBXGroup section */

/* Begin PBXNativeTarget section */
		4ACC66EA200358780087D995 /* Authentication */ = {
			isa = PBXNativeTarget;
			buildConfigurationList = 4ACC6701200358790087D995 /* Build configuration list for PBXNativeTarget "Authentication" */;
			buildPhases = (
				4ACC66E7200358780087D995 /* Sources */,
				4ACC66E8200358780087D995 /* Frameworks */,
				4ACC66E9200358780087D995 /* Resources */,
			);
			buildRules = (
			);
			dependencies = (
			);
			name = Authentication;
			productName = Authentication;
			productReference = 4ACC66EB200358780087D995 /* Authentication.app */;
			productType = "com.apple.product-type.application";
		};
/* End PBXNativeTarget section */

/* Begin PBXProject section */
		4ACC66E3200358780087D995 /* Project object */ = {
			isa = PBXProject;
			attributes = {
				LastUpgradeCheck = 0920;
				ORGANIZATIONNAME = micorosoft;
				TargetAttributes = {
					4ACC66EA200358780087D995 = {
						CreatedOnToolsVersion = 9.2;
						ProvisioningStyle = Automatic;
					};
				};
			};
			buildConfigurationList = 4ACC66E6200358780087D995 /* Build configuration list for PBXProject "Authentication" */;
			compatibilityVersion = "Xcode 8.0";
			developmentRegion = en;
			hasScannedForEncodings = 0;
			knownRegions = (
				en,
				Base,
			);
			mainGroup = 4ACC66E2200358780087D995;
			productRefGroup = 4ACC66EC200358780087D995 /* Products */;
			projectDirPath = "";
			projectRoot = "";
			targets = (
				4ACC66EA200358780087D995 /* Authentication */,
			);
		};
/* End PBXProject section */

/* Begin PBXResourcesBuildPhase section */
		4ACC66E9200358780087D995 /* Resources */ = {
			isa = PBXResourcesBuildPhase;
			buildActionMask = 2147483647;
			files = (
				4ACC66FB200358790087D995 /* LaunchScreen.storyboard in Resources */,
				4ACC66F8200358790087D995 /* Assets.xcassets in Resources */,
				4ACC6727200477480087D995 /* WeiboSDK.bundle in Resources */,
				4ACC670B200358DC0087D995 /* README.txt in Resources */,
				4ACC66F6200358790087D995 /* Main.storyboard in Resources */,
			);
			runOnlyForDeploymentPostprocessing = 0;
		};
/* End PBXResourcesBuildPhase section */

/* Begin PBXSourcesBuildPhase section */
		4ACC66E7200358780087D995 /* Sources */ = {
			isa = PBXSourcesBuildPhase;
			buildActionMask = 2147483647;
			files = (
				4ACC674E20060DB70087D995 /* WeiboManager.m in Sources */,
				4ACC674B2005E3410087D995 /* WechatManager.m in Sources */,
				4ACC67482005DD540087D995 /* SocialManager.m in Sources */,
				4ACC66F3200358790087D995 /* ViewController.m in Sources */,
				4ACC66FE200358790087D995 /* main.m in Sources */,
				4ACC675120061F0C0087D995 /* QQManager.m in Sources */,
				4ACC66F0200358790087D995 /* AppDelegate.m in Sources */,
			);
			runOnlyForDeploymentPostprocessing = 0;
		};
/* End PBXSourcesBuildPhase section */

/* Begin PBXVariantGroup section */
		4ACC66F4200358790087D995 /* Main.storyboard */ = {
			isa = PBXVariantGroup;
			children = (
				4ACC66F5200358790087D995 /* Base */,
			);
			name = Main.storyboard;
			sourceTree = "<group>";
		};
		4ACC66F9200358790087D995 /* LaunchScreen.storyboard */ = {
			isa = PBXVariantGroup;
			children = (
				4ACC66FA200358790087D995 /* Base */,
			);
			name = LaunchScreen.storyboard;
			sourceTree = "<group>";
		};
/* End PBXVariantGroup section */

/* Begin XCBuildConfiguration section */
		4ACC66FF200358790087D995 /* Debug */ = {
			isa = XCBuildConfiguration;
			buildSettings = {
				ALWAYS_SEARCH_USER_PATHS = NO;
				CLANG_ANALYZER_NONNULL = YES;
				CLANG_ANALYZER_NUMBER_OBJECT_CONVERSION = YES_AGGRESSIVE;
				CLANG_CXX_LANGUAGE_STANDARD = "gnu++14";
				CLANG_CXX_LIBRARY = "libc++";
				CLANG_ENABLE_MODULES = YES;
				CLANG_ENABLE_OBJC_ARC = YES;
				CLANG_WARN_BLOCK_CAPTURE_AUTORELEASING = YES;
				CLANG_WARN_BOOL_CONVERSION = YES;
				CLANG_WARN_COMMA = YES;
				CLANG_WARN_CONSTANT_CONVERSION = YES;
				CLANG_WARN_DIRECT_OBJC_ISA_USAGE = YES_ERROR;
				CLANG_WARN_DOCUMENTATION_COMMENTS = YES;
				CLANG_WARN_EMPTY_BODY = YES;
				CLANG_WARN_ENUM_CONVERSION = YES;
				CLANG_WARN_INFINITE_RECURSION = YES;
				CLANG_WARN_INT_CONVERSION = YES;
				CLANG_WARN_NON_LITERAL_NULL_CONVERSION = YES;
				CLANG_WARN_OBJC_LITERAL_CONVERSION = YES;
				CLANG_WARN_OBJC_ROOT_CLASS = YES_ERROR;
				CLANG_WARN_RANGE_LOOP_ANALYSIS = YES;
				CLANG_WARN_STRICT_PROTOTYPES = YES;
				CLANG_WARN_SUSPICIOUS_MOVE = YES;
				CLANG_WARN_UNGUARDED_AVAILABILITY = YES_AGGRESSIVE;
				CLANG_WARN_UNREACHABLE_CODE = YES;
				CLANG_WARN__DUPLICATE_METHOD_MATCH = YES;
				CODE_SIGN_IDENTITY = "iPhone Developer";
				COPY_PHASE_STRIP = NO;
				DEBUG_INFORMATION_FORMAT = dwarf;
				ENABLE_STRICT_OBJC_MSGSEND = YES;
				ENABLE_TESTABILITY = YES;
				GCC_C_LANGUAGE_STANDARD = gnu11;
				GCC_DYNAMIC_NO_PIC = NO;
				GCC_NO_COMMON_BLOCKS = YES;
				GCC_OPTIMIZATION_LEVEL = 0;
				GCC_PREPROCESSOR_DEFINITIONS = (
					"DEBUG=1",
					"$(inherited)",
				);
				GCC_WARN_64_TO_32_BIT_CONVERSION = YES;
				GCC_WARN_ABOUT_RETURN_TYPE = YES_ERROR;
				GCC_WARN_UNDECLARED_SELECTOR = YES;
				GCC_WARN_UNINITIALIZED_AUTOS = YES_AGGRESSIVE;
				GCC_WARN_UNUSED_FUNCTION = YES;
				GCC_WARN_UNUSED_VARIABLE = YES;
				IPHONEOS_DEPLOYMENT_TARGET = 11.2;
				MTL_ENABLE_DEBUG_INFO = YES;
				ONLY_ACTIVE_ARCH = YES;
				SDKROOT = iphoneos;
			};
			name = Debug;
		};
		4ACC6700200358790087D995 /* Release */ = {
			isa = XCBuildConfiguration;
			buildSettings = {
				ALWAYS_SEARCH_USER_PATHS = NO;
				CLANG_ANALYZER_NONNULL = YES;
				CLANG_ANALYZER_NUMBER_OBJECT_CONVERSION = YES_AGGRESSIVE;
				CLANG_CXX_LANGUAGE_STANDARD = "gnu++14";
				CLANG_CXX_LIBRARY = "libc++";
				CLANG_ENABLE_MODULES = YES;
				CLANG_ENABLE_OBJC_ARC = YES;
				CLANG_WARN_BLOCK_CAPTURE_AUTORELEASING = YES;
				CLANG_WARN_BOOL_CONVERSION = YES;
				CLANG_WARN_COMMA = YES;
				CLANG_WARN_CONSTANT_CONVERSION = YES;
				CLANG_WARN_DIRECT_OBJC_ISA_USAGE = YES_ERROR;
				CLANG_WARN_DOCUMENTATION_COMMENTS = YES;
				CLANG_WARN_EMPTY_BODY = YES;
				CLANG_WARN_ENUM_CONVERSION = YES;
				CLANG_WARN_INFINITE_RECURSION = YES;
				CLANG_WARN_INT_CONVERSION = YES;
				CLANG_WARN_NON_LITERAL_NULL_CONVERSION = YES;
				CLANG_WARN_OBJC_LITERAL_CONVERSION = YES;
				CLANG_WARN_OBJC_ROOT_CLASS = YES_ERROR;
				CLANG_WARN_RANGE_LOOP_ANALYSIS = YES;
				CLANG_WARN_STRICT_PROTOTYPES = YES;
				CLANG_WARN_SUSPICIOUS_MOVE = YES;
				CLANG_WARN_UNGUARDED_AVAILABILITY = YES_AGGRESSIVE;
				CLANG_WARN_UNREACHABLE_CODE = YES;
				CLANG_WARN__DUPLICATE_METHOD_MATCH = YES;
				CODE_SIGN_IDENTITY = "iPhone Developer";
				COPY_PHASE_STRIP = NO;
				DEBUG_INFORMATION_FORMAT = "dwarf-with-dsym";
				ENABLE_NS_ASSERTIONS = NO;
				ENABLE_STRICT_OBJC_MSGSEND = YES;
				GCC_C_LANGUAGE_STANDARD = gnu11;
				GCC_NO_COMMON_BLOCKS = YES;
				GCC_WARN_64_TO_32_BIT_CONVERSION = YES;
				GCC_WARN_ABOUT_RETURN_TYPE = YES_ERROR;
				GCC_WARN_UNDECLARED_SELECTOR = YES;
				GCC_WARN_UNINITIALIZED_AUTOS = YES_AGGRESSIVE;
				GCC_WARN_UNUSED_FUNCTION = YES;
				GCC_WARN_UNUSED_VARIABLE = YES;
				IPHONEOS_DEPLOYMENT_TARGET = 11.2;
				MTL_ENABLE_DEBUG_INFO = NO;
				SDKROOT = iphoneos;
				VALIDATE_PRODUCT = YES;
			};
			name = Release;
		};
		4ACC6702200358790087D995 /* Debug */ = {
			isa = XCBuildConfiguration;
			buildSettings = {
				ASSETCATALOG_COMPILER_APPICON_NAME = AppIcon;
				CODE_SIGN_STYLE = Automatic;
				DEVELOPMENT_TEAM = E3P2FC5X6P;
				FRAMEWORK_SEARCH_PATHS = (
					"$(inherited)",
					"$(PROJECT_DIR)/Authentication",
				);
				INFOPLIST_FILE = Authentication/Info.plist;
				LD_RUNPATH_SEARCH_PATHS = "$(inherited) @executable_path/Frameworks";
				LIBRARY_SEARCH_PATHS = (
					"$(inherited)",
					"$(PROJECT_DIR)/Authentication/WechatSDK1.8.2",
					"$(PROJECT_DIR)/Authentication/libWeiboSDK",
				);
				OTHER_LDFLAGS = (
					"-all_load",
					"-Objc",
				);
				PRODUCT_BUNDLE_IDENTIFIER = com.microsoft.Authentication;
				PRODUCT_NAME = "$(TARGET_NAME)";
				TARGETED_DEVICE_FAMILY = "1,2";
			};
			name = Debug;
		};
		4ACC6703200358790087D995 /* Release */ = {
			isa = XCBuildConfiguration;
			buildSettings = {
				ASSETCATALOG_COMPILER_APPICON_NAME = AppIcon;
				CODE_SIGN_STYLE = Automatic;
				DEVELOPMENT_TEAM = E3P2FC5X6P;
				FRAMEWORK_SEARCH_PATHS = (
					"$(inherited)",
					"$(PROJECT_DIR)/Authentication",
				);
				INFOPLIST_FILE = Authentication/Info.plist;
				LD_RUNPATH_SEARCH_PATHS = "$(inherited) @executable_path/Frameworks";
				LIBRARY_SEARCH_PATHS = (
					"$(inherited)",
					"$(PROJECT_DIR)/Authentication/WechatSDK1.8.2",
					"$(PROJECT_DIR)/Authentication/libWeiboSDK",
				);
				OTHER_LDFLAGS = (
					"-all_load",
					"-Objc",
				);
				PRODUCT_BUNDLE_IDENTIFIER = com.microsoft.Authentication;
				PRODUCT_NAME = "$(TARGET_NAME)";
				TARGETED_DEVICE_FAMILY = "1,2";
			};
			name = Release;
		};
/* End XCBuildConfiguration section */

/* Begin XCConfigurationList section */
		4ACC66E6200358780087D995 /* Build configuration list for PBXProject "Authentication" */ = {
			isa = XCConfigurationList;
			buildConfigurations = (
				4ACC66FF200358790087D995 /* Debug */,
				4ACC6700200358790087D995 /* Release */,
			);
			defaultConfigurationIsVisible = 0;
			defaultConfigurationName = Release;
		};
		4ACC6701200358790087D995 /* Build configuration list for PBXNativeTarget "Authentication" */ = {
			isa = XCConfigurationList;
			buildConfigurations = (
				4ACC6702200358790087D995 /* Debug */,
				4ACC6703200358790087D995 /* Release */,
			);
			defaultConfigurationIsVisible = 0;
			defaultConfigurationName = Release;
		};
/* End XCConfigurationList section */
	};
	rootObject = 4ACC66E3200358780087D995 /* Project object */;
}
